
Microsoft Visual Studio Solution File, Format Version 12.00
# Visual Studio Version 16
VisualStudioVersion = 16.0.31005.135
MinimumVisualStudioVersion = 10.0.40219.1
Project("{FAE04EC0-301F-11D3-BF4B-00C04F79EFBC}") = "SpamBot", "SpamBot\SpamBot.csproj", "{DF94FC46-28B0-4BC9-BADB-7D6BE1129122}"
EndProject
Global
	GlobalSection(SolutionConfigurationPlatforms) = preSolution
		Debug|Any CPU = Debug|Any CPU
		Release|Any CPU = Release|Any CPU
	EndGlobalSection
	GlobalSection(ProjectConfigurationPlatforms) = postSolution
		{DF94FC46-28B0-4BC9-BADB-7D6BE1129122}.Debug|Any CPU.ActiveCfg = Debug|Any CPU
		{DF94FC46-28B0-4BC9-BADB-7D6BE1129122}.Debug|Any CPU.Build.0 = Debug|Any CPU
		{DF94FC46-28B0-4BC9-BADB-7D6BE1129122}.Release|Any CPU.ActiveCfg = Release|Any CPU
		{DF94FC46-28B0-4BC9-BADB-7D6BE1129122}.Release|Any CPU.Build.0 = Release|Any CPU
	EndGlobalSection
	GlobalSection(SolutionProperties) = preSolution
		HideSolutionNode = FALSE
	EndGlobalSection
	GlobalSection(ExtensibilityGlobals) = postSolution
		SolutionGuid = {2018C9E6-99DB-4FAC-8B31-AD7E1AA5AB72}
	EndGlobalSection
EndGlobal
